PODS:
  - Flutter (1.0.0)
  - flutter_mini_sdk (1.0.0):
    - Flutter

DEPENDENCIES:
  - Flutter (from `Flutter`)
  - flutter_mini_sdk (from `.symlinks/plugins/flutter_mini_sdk/ios`)

EXTERNAL SOURCES:
  Flutter:
    :path: Flutter
  flutter_mini_sdk:
    :path: ".symlinks/plugins/flutter_mini_sdk/ios"

SPEC CHECKSUMS:
  Flutter: e0871f40cf51350855a761d2e70bf5af5b9b5de7
  flutter_mini_sdk: 96d233b065dfe39621bec22e843bce4ef7097740

PODFILE CHECKSUM: 251cb053df7158f337c0712f2ab29f4e0fa474ce

COCOAPODS: 1.16.2
