// !$*UTF8*$!
{
	archiveVersion = 1;
	classes = {
	};
	objectVersion = 77;
	objects = {

/* Begin PBXBuildFile section */
		FFAB2B412D46E3AF00C25F78 /* miniSDKFramework.framework in Frameworks */ = {isa = PBXBuildFile; fileRef = FFAB2B372D46E3AE00C25F78 /* miniSDKFramework.framework */; };
		FFAB2B4C2D46E3AF00C25F78 /* miniSDKFramework.framework in Frameworks */ = {isa = PBXBuildFile; fileRef = FFAB2B372D46E3AE00C25F78 /* miniSDKFramework.framework */; };
		FFAB2B4D2D46E3AF00C25F78 /* miniSDKFramework.framework in Embed Frameworks */ = {isa = PBXBuildFile; fileRef = FFAB2B372D46E3AE00C25F78 /* miniSDKFramework.framework */; settings = {ATTRIBUTES = (CodeSignOnCopy, RemoveHeadersOnCopy, ); }; };
/* End PBXBuildFile section */

/* Begin PBXContainerItemProxy section */
		FF503C382D43AFB6007D15C6 /* PBXContainerItemProxy */ = {
			isa = PBXContainerItemProxy;
			containerPortal = FF503C1F2D43AFB5007D15C6 /* Project object */;
			proxyType = 1;
			remoteGlobalIDString = FF503C262D43AFB5007D15C6;
			remoteInfo = miniSDK;
		};
		FF503C422D43AFB6007D15C6 /* PBXContainerItemProxy */ = {
			isa = PBXContainerItemProxy;
			containerPortal = FF503C1F2D43AFB5007D15C6 /* Project object */;
			proxyType = 1;
			remoteGlobalIDString = FF503C262D43AFB5007D15C6;
			remoteInfo = miniSDK;
		};
		FFAB2B422D46E3AF00C25F78 /* PBXContainerItemProxy */ = {
			isa = PBXContainerItemProxy;
			containerPortal = FF503C1F2D43AFB5007D15C6 /* Project object */;
			proxyType = 1;
			remoteGlobalIDString = FFAB2B362D46E3AE00C25F78;
			remoteInfo = miniSDKFramework;
		};
		FFAB2B442D46E3AF00C25F78 /* PBXContainerItemProxy */ = {
			isa = PBXContainerItemProxy;
			containerPortal = FF503C1F2D43AFB5007D15C6 /* Project object */;
			proxyType = 1;
			remoteGlobalIDString = FF503C262D43AFB5007D15C6;
			remoteInfo = miniSDK;
		};
		FFAB2B4A2D46E3AF00C25F78 /* PBXContainerItemProxy */ = {
			isa = PBXContainerItemProxy;
			containerPortal = FF503C1F2D43AFB5007D15C6 /* Project object */;
			proxyType = 1;
			remoteGlobalIDString = FFAB2B362D46E3AE00C25F78;
			remoteInfo = miniSDKFramework;
		};
/* End PBXContainerItemProxy section */

/* Begin PBXCopyFilesBuildPhase section */
		FFAB2B4E2D46E3AF00C25F78 /* Embed Frameworks */ = {
			isa = PBXCopyFilesBuildPhase;
			buildActionMask = 2147483647;
			dstPath = "";
			dstSubfolderSpec = 10;
			files = (
				FFAB2B4D2D46E3AF00C25F78 /* miniSDKFramework.framework in Embed Frameworks */,
			);
			name = "Embed Frameworks";
			runOnlyForDeploymentPostprocessing = 0;
		};
/* End PBXCopyFilesBuildPhase section */

/* Begin PBXFileReference section */
		FF503C272D43AFB5007D15C6 /* miniSDK.app */ = {isa = PBXFileReference; explicitFileType = wrapper.application; includeInIndex = 0; path = miniSDK.app; sourceTree = BUILT_PRODUCTS_DIR; };
		FF503C372D43AFB6007D15C6 /* miniSDKTests.xctest */ = {isa = PBXFileReference; explicitFileType = wrapper.cfbundle; includeInIndex = 0; path = miniSDKTests.xctest; sourceTree = BUILT_PRODUCTS_DIR; };
		FF503C412D43AFB6007D15C6 /* miniSDKUITests.xctest */ = {isa = PBXFileReference; explicitFileType = wrapper.cfbundle; includeInIndex = 0; path = miniSDKUITests.xctest; sourceTree = BUILT_PRODUCTS_DIR; };
		FFAB2B372D46E3AE00C25F78 /* miniSDKFramework.framework */ = {isa = PBXFileReference; explicitFileType = wrapper.framework; includeInIndex = 0; path = miniSDKFramework.framework; sourceTree = BUILT_PRODUCTS_DIR; };
		FFAB2B402D46E3AF00C25F78 /* miniSDKFrameworkTests.xctest */ = {isa = PBXFileReference; explicitFileType = wrapper.cfbundle; includeInIndex = 0; path = miniSDKFrameworkTests.xctest; sourceTree = BUILT_PRODUCTS_DIR; };
/* End PBXFileReference section */

/* Begin PBXFileSystemSynchronizedBuildFileExceptionSet section */
		FFAB2B532D46E3AF00C25F78 /* Exceptions for "miniSDKFramework" folder in "miniSDKFramework" target */ = {
			isa = PBXFileSystemSynchronizedBuildFileExceptionSet;
			publicHeaders = (
				miniSDKFramework.h,
			);
			target = FFAB2B362D46E3AE00C25F78 /* miniSDKFramework */;
		};
/* End PBXFileSystemSynchronizedBuildFileExceptionSet section */

/* Begin PBXFileSystemSynchronizedRootGroup section */
		FF503C292D43AFB5007D15C6 /* miniSDK */ = {
			isa = PBXFileSystemSynchronizedRootGroup;
			path = miniSDK;
			sourceTree = "<group>";
		};
		FF503C3A2D43AFB6007D15C6 /* miniSDKTests */ = {
			isa = PBXFileSystemSynchronizedRootGroup;
			path = miniSDKTests;
			sourceTree = "<group>";
		};
		FF503C442D43AFB6007D15C6 /* miniSDKUITests */ = {
			isa = PBXFileSystemSynchronizedRootGroup;
			path = miniSDKUITests;
			sourceTree = "<group>";
		};
		FFAB2B382D46E3AE00C25F78 /* miniSDKFramework */ = {
			isa = PBXFileSystemSynchronizedRootGroup;
			exceptions = (
				FFAB2B532D46E3AF00C25F78 /* Exceptions for "miniSDKFramework" folder in "miniSDKFramework" target */,
			);
			path = miniSDKFramework;
			sourceTree = "<group>";
		};
		FFAB2B462D46E3AF00C25F78 /* miniSDKFrameworkTests */ = {
			isa = PBXFileSystemSynchronizedRootGroup;
			path = miniSDKFrameworkTests;
			sourceTree = "<group>";
		};
/* End PBXFileSystemSynchronizedRootGroup section */

/* Begin PBXFrameworksBuildPhase section */
		FF503C242D43AFB5007D15C6 /* Frameworks */ = {
			isa = PBXFrameworksBuildPhase;
			buildActionMask = 2147483647;
			files = (
				FFAB2B4C2D46E3AF00C25F78 /* miniSDKFramework.framework in Frameworks */,
			);
			runOnlyForDeploymentPostprocessing = 0;
		};
		FF503C342D43AFB6007D15C6 /* Frameworks */ = {
			isa = PBXFrameworksBuildPhase;
			buildActionMask = 2147483647;
			files = (
			);
			runOnlyForDeploymentPostprocessing = 0;
		};
		FF503C3E2D43AFB6007D15C6 /* Frameworks */ = {
			isa = PBXFrameworksBuildPhase;
			buildActionMask = 2147483647;
			files = (
			);
			runOnlyForDeploymentPostprocessing = 0;
		};
		FFAB2B342D46E3AE00C25F78 /* Frameworks */ = {
			isa = PBXFrameworksBuildPhase;
			buildActionMask = 2147483647;
			files = (
			);
			runOnlyForDeploymentPostprocessing = 0;
		};
		FFAB2B3D2D46E3AF00C25F78 /* Frameworks */ = {
			isa = PBXFrameworksBuildPhase;
			buildActionMask = 2147483647;
			files = (
				FFAB2B412D46E3AF00C25F78 /* miniSDKFramework.framework in Frameworks */,
			);
			runOnlyForDeploymentPostprocessing = 0;
		};
/* End PBXFrameworksBuildPhase section */

/* Begin PBXGroup section */
		FF503C1E2D43AFB5007D15C6 = {
			isa = PBXGroup;
			children = (
				FF503C292D43AFB5007D15C6 /* miniSDK */,
				FF503C3A2D43AFB6007D15C6 /* miniSDKTests */,
				FF503C442D43AFB6007D15C6 /* miniSDKUITests */,
				FFAB2B382D46E3AE00C25F78 /* miniSDKFramework */,
				FFAB2B462D46E3AF00C25F78 /* miniSDKFrameworkTests */,
				FF503C282D43AFB5007D15C6 /* Products */,
			);
			sourceTree = "<group>";
		};
		FF503C282D43AFB5007D15C6 /* Products */ = {
			isa = PBXGroup;
			children = (
				FF503C272D43AFB5007D15C6 /* miniSDK.app */,
				FF503C372D43AFB6007D15C6 /* miniSDKTests.xctest */,
				FF503C412D43AFB6007D15C6 /* miniSDKUITests.xctest */,
				FFAB2B372D46E3AE00C25F78 /* miniSDKFramework.framework */,
				FFAB2B402D46E3AF00C25F78 /* miniSDKFrameworkTests.xctest */,
			);
			name = Products;
			sourceTree = "<group>";
		};
/* End PBXGroup section */

/* Begin PBXHeadersBuildPhase section */
		FFAB2B322D46E3AE00C25F78 /* Headers */ = {
			isa = PBXHeadersBuildPhase;
			buildActionMask = 2147483647;
			files = (
			);
			runOnlyForDeploymentPostprocessing = 0;
		};
/* End PBXHeadersBuildPhase section */

/* Begin PBXNativeTarget section */
		FF503C262D43AFB5007D15C6 /* miniSDK */ = {
			isa = PBXNativeTarget;
			buildConfigurationList = FF503C4B2D43AFB6007D15C6 /* Build configuration list for PBXNativeTarget "miniSDK" */;
			buildPhases = (
				FF503C232D43AFB5007D15C6 /* Sources */,
				FF503C242D43AFB5007D15C6 /* Frameworks */,
				FF503C252D43AFB5007D15C6 /* Resources */,
				FFAB2B4E2D46E3AF00C25F78 /* Embed Frameworks */,
			);
			buildRules = (
			);
			dependencies = (
				FFAB2B4B2D46E3AF00C25F78 /* PBXTargetDependency */,
			);
			fileSystemSynchronizedGroups = (
				FF503C292D43AFB5007D15C6 /* miniSDK */,
			);
			name = miniSDK;
			packageProductDependencies = (
			);
			productName = miniSDK;
			productReference = FF503C272D43AFB5007D15C6 /* miniSDK.app */;
			productType = "com.apple.product-type.application";
		};
		FF503C362D43AFB6007D15C6 /* miniSDKTests */ = {
			isa = PBXNativeTarget;
			buildConfigurationList = FF503C4E2D43AFB6007D15C6 /* Build configuration list for PBXNativeTarget "miniSDKTests" */;
			buildPhases = (
				FF503C332D43AFB6007D15C6 /* Sources */,
				FF503C342D43AFB6007D15C6 /* Frameworks */,
				FF503C352D43AFB6007D15C6 /* Resources */,
			);
			buildRules = (
			);
			dependencies = (
				FF503C392D43AFB6007D15C6 /* PBXTargetDependency */,
			);
			fileSystemSynchronizedGroups = (
				FF503C3A2D43AFB6007D15C6 /* miniSDKTests */,
			);
			name = miniSDKTests;
			packageProductDependencies = (
			);
			productName = miniSDKTests;
			productReference = FF503C372D43AFB6007D15C6 /* miniSDKTests.xctest */;
			productType = "com.apple.product-type.bundle.unit-test";
		};
		FF503C402D43AFB6007D15C6 /* miniSDKUITests */ = {
			isa = PBXNativeTarget;
			buildConfigurationList = FF503C512D43AFB6007D15C6 /* Build configuration list for PBXNativeTarget "miniSDKUITests" */;
			buildPhases = (
				FF503C3D2D43AFB6007D15C6 /* Sources */,
				FF503C3E2D43AFB6007D15C6 /* Frameworks */,
				FF503C3F2D43AFB6007D15C6 /* Resources */,
			);
			buildRules = (
			);
			dependencies = (
				FF503C432D43AFB6007D15C6 /* PBXTargetDependency */,
			);
			fileSystemSynchronizedGroups = (
				FF503C442D43AFB6007D15C6 /* miniSDKUITests */,
			);
			name = miniSDKUITests;
			packageProductDependencies = (
			);
			productName = miniSDKUITests;
			productReference = FF503C412D43AFB6007D15C6 /* miniSDKUITests.xctest */;
			productType = "com.apple.product-type.bundle.ui-testing";
		};
		FFAB2B362D46E3AE00C25F78 /* miniSDKFramework */ = {
			isa = PBXNativeTarget;
			buildConfigurationList = FFAB2B542D46E3AF00C25F78 /* Build configuration list for PBXNativeTarget "miniSDKFramework" */;
			buildPhases = (
				FFAB2B322D46E3AE00C25F78 /* Headers */,
				FFAB2B332D46E3AE00C25F78 /* Sources */,
				FFAB2B342D46E3AE00C25F78 /* Frameworks */,
				FFAB2B352D46E3AE00C25F78 /* Resources */,
			);
			buildRules = (
			);
			dependencies = (
			);
			fileSystemSynchronizedGroups = (
				FFAB2B382D46E3AE00C25F78 /* miniSDKFramework */,
			);
			name = miniSDKFramework;
			packageProductDependencies = (
			);
			productName = miniSDKFramework;
			productReference = FFAB2B372D46E3AE00C25F78 /* miniSDKFramework.framework */;
			productType = "com.apple.product-type.framework";
		};
		FFAB2B3F2D46E3AF00C25F78 /* miniSDKFrameworkTests */ = {
			isa = PBXNativeTarget;
			buildConfigurationList = FFAB2B552D46E3AF00C25F78 /* Build configuration list for PBXNativeTarget "miniSDKFrameworkTests" */;
			buildPhases = (
				FFAB2B3C2D46E3AF00C25F78 /* Sources */,
				FFAB2B3D2D46E3AF00C25F78 /* Frameworks */,
				FFAB2B3E2D46E3AF00C25F78 /* Resources */,
			);
			buildRules = (
			);
			dependencies = (
				FFAB2B432D46E3AF00C25F78 /* PBXTargetDependency */,
				FFAB2B452D46E3AF00C25F78 /* PBXTargetDependency */,
			);
			fileSystemSynchronizedGroups = (
				FFAB2B462D46E3AF00C25F78 /* miniSDKFrameworkTests */,
			);
			name = miniSDKFrameworkTests;
			packageProductDependencies = (
			);
			productName = miniSDKFrameworkTests;
			productReference = FFAB2B402D46E3AF00C25F78 /* miniSDKFrameworkTests.xctest */;
			productType = "com.apple.product-type.bundle.unit-test";
		};
/* End PBXNativeTarget section */

/* Begin PBXProject section */
		FF503C1F2D43AFB5007D15C6 /* Project object */ = {
			isa = PBXProject;
			attributes = {
				BuildIndependentTargetsInParallel = 1;
				LastSwiftUpdateCheck = 1620;
				LastUpgradeCheck = 1620;
				TargetAttributes = {
					FF503C262D43AFB5007D15C6 = {
						CreatedOnToolsVersion = 16.2;
					};
					FF503C362D43AFB6007D15C6 = {
						CreatedOnToolsVersion = 16.2;
						TestTargetID = FF503C262D43AFB5007D15C6;
					};
					FF503C402D43AFB6007D15C6 = {
						CreatedOnToolsVersion = 16.2;
						TestTargetID = FF503C262D43AFB5007D15C6;
					};
					FFAB2B362D46E3AE00C25F78 = {
						CreatedOnToolsVersion = 16.2;
					};
					FFAB2B3F2D46E3AF00C25F78 = {
						CreatedOnToolsVersion = 16.2;
						TestTargetID = FF503C262D43AFB5007D15C6;
					};
				};
			};
			buildConfigurationList = FF503C222D43AFB5007D15C6 /* Build configuration list for PBXProject "miniSDK" */;
			developmentRegion = en;
			hasScannedForEncodings = 0;
			knownRegions = (
				en,
				Base,
			);
			mainGroup = FF503C1E2D43AFB5007D15C6;
			minimizedProjectReferenceProxies = 1;
			preferredProjectObjectVersion = 77;
			productRefGroup = FF503C282D43AFB5007D15C6 /* Products */;
			projectDirPath = "";
			projectRoot = "";
			targets = (
				FF503C262D43AFB5007D15C6 /* miniSDK */,
				FF503C362D43AFB6007D15C6 /* miniSDKTests */,
				FF503C402D43AFB6007D15C6 /* miniSDKUITests */,
				FFAB2B362D46E3AE00C25F78 /* miniSDKFramework */,
				FFAB2B3F2D46E3AF00C25F78 /* miniSDKFrameworkTests */,
			);
		};
/* End PBXProject section */

/* Begin PBXResourcesBuildPhase section */
		FF503C252D43AFB5007D15C6 /* Resources */ = {
			isa = PBXResourcesBuildPhase;
			buildActionMask = 2147483647;
			files = (
			);
			runOnlyForDeploymentPostprocessing = 0;
		};
		FF503C352D43AFB6007D15C6 /* Resources */ = {
			isa = PBXResourcesBuildPhase;
			buildActionMask = 2147483647;
			files = (
			);
			runOnlyForDeploymentPostprocessing = 0;
		};
		FF503C3F2D43AFB6007D15C6 /* Resources */ = {
			isa = PBXResourcesBuildPhase;
			buildActionMask = 2147483647;
			files = (
			);
			runOnlyForDeploymentPostprocessing = 0;
		};
		FFAB2B352D46E3AE00C25F78 /* Resources */ = {
			isa = PBXResourcesBuildPhase;
			buildActionMask = 2147483647;
			files = (
			);
			runOnlyForDeploymentPostprocessing = 0;
		};
		FFAB2B3E2D46E3AF00C25F78 /* Resources */ = {
			isa = PBXResourcesBuildPhase;
			buildActionMask = 2147483647;
			files = (
			);
			runOnlyForDeploymentPostprocessing = 0;
		};
/* End PBXResourcesBuildPhase section */

/* Begin PBXSourcesBuildPhase section */
		FF503C232D43AFB5007D15C6 /* Sources */ = {
			isa = PBXSourcesBuildPhase;
			buildActionMask = 2147483647;
			files = (
			);
			runOnlyForDeploymentPostprocessing = 0;
		};
		FF503C332D43AFB6007D15C6 /* Sources */ = {
			isa = PBXSourcesBuildPhase;
			buildActionMask = 2147483647;
			files = (
			);
			runOnlyForDeploymentPostprocessing = 0;
		};
		FF503C3D2D43AFB6007D15C6 /* Sources */ = {
			isa = PBXSourcesBuildPhase;
			buildActionMask = 2147483647;
			files = (
			);
			runOnlyForDeploymentPostprocessing = 0;
		};
		FFAB2B332D46E3AE00C25F78 /* Sources */ = {
			isa = PBXSourcesBuildPhase;
			buildActionMask = 2147483647;
			files = (
			);
			runOnlyForDeploymentPostprocessing = 0;
		};
		FFAB2B3C2D46E3AF00C25F78 /* Sources */ = {
			isa = PBXSourcesBuildPhase;
			buildActionMask = 2147483647;
			files = (
			);
			runOnlyForDeploymentPostprocessing = 0;
		};
/* End PBXSourcesBuildPhase section */

/* Begin PBXTargetDependency section */
		FF503C392D43AFB6007D15C6 /* PBXTargetDependency */ = {
			isa = PBXTargetDependency;
			target = FF503C262D43AFB5007D15C6 /* miniSDK */;
			targetProxy = FF503C382D43AFB6007D15C6 /* PBXContainerItemProxy */;
		};
		FF503C432D43AFB6007D15C6 /* PBXTargetDependency */ = {
			isa = PBXTargetDependency;
			target = FF503C262D43AFB5007D15C6 /* miniSDK */;
			targetProxy = FF503C422D43AFB6007D15C6 /* PBXContainerItemProxy */;
		};
		FFAB2B432D46E3AF00C25F78 /* PBXTargetDependency */ = {
			isa = PBXTargetDependency;
			target = FFAB2B362D46E3AE00C25F78 /* miniSDKFramework */;
			targetProxy = FFAB2B422D46E3AF00C25F78 /* PBXContainerItemProxy */;
		};
		FFAB2B452D46E3AF00C25F78 /* PBXTargetDependency */ = {
			isa = PBXTargetDependency;
			target = FF503C262D43AFB5007D15C6 /* miniSDK */;
			targetProxy = FFAB2B442D46E3AF00C25F78 /* PBXContainerItemProxy */;
		};
		FFAB2B4B2D46E3AF00C25F78 /* PBXTargetDependency */ = {
			isa = PBXTargetDependency;
			target = FFAB2B362D46E3AE00C25F78 /* miniSDKFramework */;
			targetProxy = FFAB2B4A2D46E3AF00C25F78 /* PBXContainerItemProxy */;
		};
/* End PBXTargetDependency section */

/* Begin XCBuildConfiguration section */
		FF503C492D43AFB6007D15C6 /* Debug */ = {
			isa = XCBuildConfiguration;
			buildSettings = {
				ALWAYS_SEARCH_USER_PATHS = NO;
				ASSETCATALOG_COMPILER_GENERATE_SWIFT_ASSET_SYMBOL_EXTENSIONS = YES;
				CLANG_ANALYZER_NONNULL = YES;
				CLANG_ANALYZER_NUMBER_OBJECT_CONVERSION = YES_AGGRESSIVE;
				CLANG_CXX_LANGUAGE_STANDARD = "gnu++20";
				CLANG_ENABLE_MODULES = YES;
				CLANG_ENABLE_OBJC_ARC = YES;
				CLANG_ENABLE_OBJC_WEAK = YES;
				CLANG_WARN_BLOCK_CAPTURE_AUTORELEASING = YES;
				CLANG_WARN_BOOL_CONVERSION = YES;
				CLANG_WARN_COMMA = YES;
				CLANG_WARN_CONSTANT_CONVERSION = YES;
				CLANG_WARN_DEPRECATED_OBJC_IMPLEMENTATIONS = YES;
				CLANG_WARN_DIRECT_OBJC_ISA_USAGE = YES_ERROR;
				CLANG_WARN_DOCUMENTATION_COMMENTS = YES;
				CLANG_WARN_EMPTY_BODY = YES;
				CLANG_WARN_ENUM_CONVERSION = YES;
				CLANG_WARN_INFINITE_RECURSION = YES;
				CLANG_WARN_INT_CONVERSION = YES;
				CLANG_WARN_NON_LITERAL_NULL_CONVERSION = YES;
				CLANG_WARN_OBJC_IMPLICIT_RETAIN_SELF = YES;
				CLANG_WARN_OBJC_LITERAL_CONVERSION = YES;
				CLANG_WARN_OBJC_ROOT_CLASS = YES_ERROR;
				CLANG_WARN_QUOTED_INCLUDE_IN_FRAMEWORK_HEADER = YES;
				CLANG_WARN_RANGE_LOOP_ANALYSIS = YES;
				CLANG_WARN_STRICT_PROTOTYPES = YES;
				CLANG_WARN_SUSPICIOUS_MOVE = YES;
				CLANG_WARN_UNGUARDED_AVAILABILITY = YES_AGGRESSIVE;
				CLANG_WARN_UNREACHABLE_CODE = YES;
				CLANG_WARN__DUPLICATE_METHOD_MATCH = YES;
				COPY_PHASE_STRIP = NO;
				DEBUG_INFORMATION_FORMAT = dwarf;
				ENABLE_STRICT_OBJC_MSGSEND = YES;
				ENABLE_TESTABILITY = YES;
				ENABLE_USER_SCRIPT_SANDBOXING = YES;
				GCC_C_LANGUAGE_STANDARD = gnu17;
				GCC_DYNAMIC_NO_PIC = NO;
				GCC_NO_COMMON_BLOCKS = YES;
				GCC_OPTIMIZATION_LEVEL = 0;
				GCC_PREPROCESSOR_DEFINITIONS = (
					"DEBUG=1",
					"$(inherited)",
				);
				GCC_WARN_64_TO_32_BIT_CONVERSION = YES;
				GCC_WARN_ABOUT_RETURN_TYPE = YES_ERROR;
				GCC_WARN_UNDECLARED_SELECTOR = YES;
				GCC_WARN_UNINITIALIZED_AUTOS = YES_AGGRESSIVE;
				GCC_WARN_UNUSED_FUNCTION = YES;
				GCC_WARN_UNUSED_VARIABLE = YES;
				IPHONEOS_DEPLOYMENT_TARGET = 18.2;
				LOCALIZATION_PREFERS_STRING_CATALOGS = YES;
				MTL_ENABLE_DEBUG_INFO = INCLUDE_SOURCE;
				MTL_FAST_MATH = YES;
				ONLY_ACTIVE_ARCH = YES;
				SDKROOT = iphoneos;
				SWIFT_ACTIVE_COMPILATION_CONDITIONS = "DEBUG $(inherited)";
				SWIFT_OPTIMIZATION_LEVEL = "-Onone";
			};
			name = Debug;
		};
		FF503C4A2D43AFB6007D15C6 /* Release */ = {
			isa = XCBuildConfiguration;
			buildSettings = {
				ALWAYS_SEARCH_USER_PATHS = NO;
				ASSETCATALOG_COMPILER_GENERATE_SWIFT_ASSET_SYMBOL_EXTENSIONS = YES;
				CLANG_ANALYZER_NONNULL = YES;
				CLANG_ANALYZER_NUMBER_OBJECT_CONVERSION = YES_AGGRESSIVE;
				CLANG_CXX_LANGUAGE_STANDARD = "gnu++20";
				CLANG_ENABLE_MODULES = YES;
				CLANG_ENABLE_OBJC_ARC = YES;
				CLANG_ENABLE_OBJC_WEAK = YES;
				CLANG_WARN_BLOCK_CAPTURE_AUTORELEASING = YES;
				CLANG_WARN_BOOL_CONVERSION = YES;
				CLANG_WARN_COMMA = YES;
				CLANG_WARN_CONSTANT_CONVERSION = YES;
				CLANG_WARN_DEPRECATED_OBJC_IMPLEMENTATIONS = YES;
				CLANG_WARN_DIRECT_OBJC_ISA_USAGE = YES_ERROR;
				CLANG_WARN_DOCUMENTATION_COMMENTS = YES;
				CLANG_WARN_EMPTY_BODY = YES;
				CLANG_WARN_ENUM_CONVERSION = YES;
				CLANG_WARN_INFINITE_RECURSION = YES;
				CLANG_WARN_INT_CONVERSION = YES;
				CLANG_WARN_NON_LITERAL_NULL_CONVERSION = YES;
				CLANG_WARN_OBJC_IMPLICIT_RETAIN_SELF = YES;
				CLANG_WARN_OBJC_LITERAL_CONVERSION = YES;
				CLANG_WARN_OBJC_ROOT_CLASS = YES_ERROR;
				CLANG_WARN_QUOTED_INCLUDE_IN_FRAMEWORK_HEADER = YES;
				CLANG_WARN_RANGE_LOOP_ANALYSIS = YES;
				CLANG_WARN_STRICT_PROTOTYPES = YES;
				CLANG_WARN_SUSPICIOUS_MOVE = YES;
				CLANG_WARN_UNGUARDED_AVAILABILITY = YES_AGGRESSIVE;
				CLANG_WARN_UNREACHABLE_CODE = YES;
				CLANG_WARN__DUPLICATE_METHOD_MATCH = YES;
				COPY_PHASE_STRIP = NO;
				DEBUG_INFORMATION_FORMAT = "dwarf-with-dsym";
				ENABLE_NS_ASSERTIONS = NO;
				ENABLE_STRICT_OBJC_MSGSEND = YES;
				ENABLE_USER_SCRIPT_SANDBOXING = YES;
				GCC_C_LANGUAGE_STANDARD = gnu17;
				GCC_NO_COMMON_BLOCKS = YES;
				GCC_WARN_64_TO_32_BIT_CONVERSION = YES;
				GCC_WARN_ABOUT_RETURN_TYPE = YES_ERROR;
				GCC_WARN_UNDECLARED_SELECTOR = YES;
				GCC_WARN_UNINITIALIZED_AUTOS = YES_AGGRESSIVE;
				GCC_WARN_UNUSED_FUNCTION = YES;
				GCC_WARN_UNUSED_VARIABLE = YES;
				IPHONEOS_DEPLOYMENT_TARGET = 18.2;
				LOCALIZATION_PREFERS_STRING_CATALOGS = YES;
				MTL_ENABLE_DEBUG_INFO = NO;
				MTL_FAST_MATH = YES;
				SDKROOT = iphoneos;
				SWIFT_COMPILATION_MODE = wholemodule;
				VALIDATE_PRODUCT = YES;
			};
			name = Release;
		};
		FF503C4C2D43AFB6007D15C6 /* Debug */ = {
			isa = XCBuildConfiguration;
			buildSettings = {
				ASSETCATALOG_COMPILER_APPICON_NAME = AppIcon;
				ASSETCATALOG_COMPILER_GLOBAL_ACCENT_COLOR_NAME = AccentColor;
				CODE_SIGN_STYLE = Automatic;
				CURRENT_PROJECT_VERSION = 1;
				DEVELOPMENT_ASSET_PATHS = "";
				ENABLE_PREVIEWS = YES;
				GENERATE_INFOPLIST_FILE = YES;
				INFOPLIST_KEY_UIApplicationSceneManifest_Generation = YES;
				INFOPLIST_KEY_UIApplicationSupportsIndirectInputEvents = YES;
				INFOPLIST_KEY_UILaunchScreen_Generation = YES;
				INFOPLIST_KEY_UISupportedInterfaceOrientations_iPad = "UIInterfaceOrientationPortrait UIInterfaceOrientationPortraitUpsideDown UIInterfaceOrientationLandscapeLeft UIInterfaceOrientationLandscapeRight";
				INFOPLIST_KEY_UISupportedInterfaceOrientations_iPhone = "UIInterfaceOrientationPortrait UIInterfaceOrientationLandscapeLeft UIInterfaceOrientationLandscapeRight";
				LD_RUNPATH_SEARCH_PATHS = (
					"$(inherited)",
					"@executable_path/Frameworks",
				);
				MARKETING_VERSION = 1.0;
				PRODUCT_BUNDLE_IDENTIFIER = sk.smartly.miniSDK;
				PRODUCT_NAME = "$(TARGET_NAME)";
				SWIFT_EMIT_LOC_STRINGS = YES;
				SWIFT_VERSION = 5.0;
				TARGETED_DEVICE_FAMILY = "1,2";
			};
			name = Debug;
		};
		FF503C4D2D43AFB6007D15C6 /* Release */ = {
			isa = XCBuildConfiguration;
			buildSettings = {
				ASSETCATALOG_COMPILER_APPICON_NAME = AppIcon;
				ASSETCATALOG_COMPILER_GLOBAL_ACCENT_COLOR_NAME = AccentColor;
				CODE_SIGN_STYLE = Automatic;
				CURRENT_PROJECT_VERSION = 1;
				DEVELOPMENT_ASSET_PATHS = "";
				ENABLE_PREVIEWS = YES;
				GENERATE_INFOPLIST_FILE = YES;
				INFOPLIST_KEY_UIApplicationSceneManifest_Generation = YES;
				INFOPLIST_KEY_UIApplicationSupportsIndirectInputEvents = YES;
				INFOPLIST_KEY_UILaunchScreen_Generation = YES;
				INFOPLIST_KEY_UISupportedInterfaceOrientations_iPad = "UIInterfaceOrientationPortrait UIInterfaceOrientationPortraitUpsideDown UIInterfaceOrientationLandscapeLeft UIInterfaceOrientationLandscapeRight";
				INFOPLIST_KEY_UISupportedInterfaceOrientations_iPhone = "UIInterfaceOrientationPortrait UIInterfaceOrientationLandscapeLeft UIInterfaceOrientationLandscapeRight";
				LD_RUNPATH_SEARCH_PATHS = (
					"$(inherited)",
					"@executable_path/Frameworks",
				);
				MARKETING_VERSION = 1.0;
				PRODUCT_BUNDLE_IDENTIFIER = sk.smartly.miniSDK;
				PRODUCT_NAME = "$(TARGET_NAME)";
				SWIFT_EMIT_LOC_STRINGS = YES;
				SWIFT_VERSION = 5.0;
				TARGETED_DEVICE_FAMILY = "1,2";
			};
			name = Release;
		};
		FF503C4F2D43AFB6007D15C6 /* Debug */ = {
			isa = XCBuildConfiguration;
			buildSettings = {
				BUNDLE_LOADER = "$(TEST_HOST)";
				CODE_SIGN_STYLE = Automatic;
				CURRENT_PROJECT_VERSION = 1;
				GENERATE_INFOPLIST_FILE = YES;
				IPHONEOS_DEPLOYMENT_TARGET = 18.2;
				MARKETING_VERSION = 1.0;
				PRODUCT_BUNDLE_IDENTIFIER = sk.smartly.miniSDKTests;
				PRODUCT_NAME = "$(TARGET_NAME)";
				SWIFT_EMIT_LOC_STRINGS = NO;
				SWIFT_VERSION = 5.0;
				TARGETED_DEVICE_FAMILY = "1,2";
				TEST_HOST = "$(BUILT_PRODUCTS_DIR)/miniSDK.app/$(BUNDLE_EXECUTABLE_FOLDER_PATH)/miniSDK";
			};
			name = Debug;
		};
		FF503C502D43AFB6007D15C6 /* Release */ = {
			isa = XCBuildConfiguration;
			buildSettings = {
				BUNDLE_LOADER = "$(TEST_HOST)";
				CODE_SIGN_STYLE = Automatic;
				CURRENT_PROJECT_VERSION = 1;
				GENERATE_INFOPLIST_FILE = YES;
				IPHONEOS_DEPLOYMENT_TARGET = 18.2;
				MARKETING_VERSION = 1.0;
				PRODUCT_BUNDLE_IDENTIFIER = sk.smartly.miniSDKTests;
				PRODUCT_NAME = "$(TARGET_NAME)";
				SWIFT_EMIT_LOC_STRINGS = NO;
				SWIFT_VERSION = 5.0;
				TARGETED_DEVICE_FAMILY = "1,2";
				TEST_HOST = "$(BUILT_PRODUCTS_DIR)/miniSDK.app/$(BUNDLE_EXECUTABLE_FOLDER_PATH)/miniSDK";
			};
			name = Release;
		};
		FF503C522D43AFB6007D15C6 /* Debug */ = {
			isa = XCBuildConfiguration;
			buildSettings = {
				CODE_SIGN_STYLE = Automatic;
				CURRENT_PROJECT_VERSION = 1;
				GENERATE_INFOPLIST_FILE = YES;
				MARKETING_VERSION = 1.0;
				PRODUCT_BUNDLE_IDENTIFIER = sk.smartly.miniSDKUITests;
				PRODUCT_NAME = "$(TARGET_NAME)";
				SWIFT_EMIT_LOC_STRINGS = NO;
				SWIFT_VERSION = 5.0;
				TARGETED_DEVICE_FAMILY = "1,2";
				TEST_TARGET_NAME = miniSDK;
			};
			name = Debug;
		};
		FF503C532D43AFB6007D15C6 /* Release */ = {
			isa = XCBuildConfiguration;
			buildSettings = {
				CODE_SIGN_STYLE = Automatic;
				CURRENT_PROJECT_VERSION = 1;
				GENERATE_INFOPLIST_FILE = YES;
				MARKETING_VERSION = 1.0;
				PRODUCT_BUNDLE_IDENTIFIER = sk.smartly.miniSDKUITests;
				PRODUCT_NAME = "$(TARGET_NAME)";
				SWIFT_EMIT_LOC_STRINGS = NO;
				SWIFT_VERSION = 5.0;
				TARGETED_DEVICE_FAMILY = "1,2";
				TEST_TARGET_NAME = miniSDK;
			};
			name = Release;
		};
		FFAB2B4F2D46E3AF00C25F78 /* Debug */ = {
			isa = XCBuildConfiguration;
			buildSettings = {
				BUILD_LIBRARY_FOR_DISTRIBUTION = YES;
				CODE_SIGN_STYLE = Automatic;
				CURRENT_PROJECT_VERSION = 1;
				DEFINES_MODULE = YES;
				DYLIB_COMPATIBILITY_VERSION = 1;
				DYLIB_CURRENT_VERSION = 1;
				DYLIB_INSTALL_NAME_BASE = "@rpath";
				ENABLE_MODULE_VERIFIER = YES;
				GENERATE_INFOPLIST_FILE = YES;
				INFOPLIST_KEY_NSHumanReadableCopyright = "";
				INSTALL_PATH = "$(LOCAL_LIBRARY_DIR)/Frameworks";
				LD_RUNPATH_SEARCH_PATHS = (
					"$(inherited)",
					"@executable_path/Frameworks",
					"@loader_path/Frameworks",
				);
				MARKETING_VERSION = 1.0;
				MODULE_VERIFIER_SUPPORTED_LANGUAGES = "objective-c objective-c++";
				MODULE_VERIFIER_SUPPORTED_LANGUAGE_STANDARDS = "gnu17 gnu++20";
				PRODUCT_BUNDLE_IDENTIFIER = sk.smartly.miniSDKFramework;
				PRODUCT_NAME = "$(TARGET_NAME:c99extidentifier)";
				SKIP_INSTALL = YES;
				SWIFT_EMIT_LOC_STRINGS = YES;
				SWIFT_INSTALL_OBJC_HEADER = NO;
				SWIFT_VERSION = 5.0;
				TARGETED_DEVICE_FAMILY = "1,2";
				VERSIONING_SYSTEM = "apple-generic";
				VERSION_INFO_PREFIX = "";
			};
			name = Debug;
		};
		FFAB2B502D46E3AF00C25F78 /* Release */ = {
			isa = XCBuildConfiguration;
			buildSettings = {
				BUILD_LIBRARY_FOR_DISTRIBUTION = YES;
				CODE_SIGN_STYLE = Automatic;
				CURRENT_PROJECT_VERSION = 1;
				DEFINES_MODULE = YES;
				DYLIB_COMPATIBILITY_VERSION = 1;
				DYLIB_CURRENT_VERSION = 1;
				DYLIB_INSTALL_NAME_BASE = "@rpath";
				ENABLE_MODULE_VERIFIER = YES;
				GENERATE_INFOPLIST_FILE = YES;
				INFOPLIST_KEY_NSHumanReadableCopyright = "";
				INSTALL_PATH = "$(LOCAL_LIBRARY_DIR)/Frameworks";
				LD_RUNPATH_SEARCH_PATHS = (
					"$(inherited)",
					"@executable_path/Frameworks",
					"@loader_path/Frameworks",
				);
				MARKETING_VERSION = 1.0;
				MODULE_VERIFIER_SUPPORTED_LANGUAGES = "objective-c objective-c++";
				MODULE_VERIFIER_SUPPORTED_LANGUAGE_STANDARDS = "gnu17 gnu++20";
				PRODUCT_BUNDLE_IDENTIFIER = sk.smartly.miniSDKFramework;
				PRODUCT_NAME = "$(TARGET_NAME:c99extidentifier)";
				SKIP_INSTALL = YES;
				SWIFT_EMIT_LOC_STRINGS = YES;
				SWIFT_INSTALL_OBJC_HEADER = NO;
				SWIFT_VERSION = 5.0;
				TARGETED_DEVICE_FAMILY = "1,2";
				VERSIONING_SYSTEM = "apple-generic";
				VERSION_INFO_PREFIX = "";
			};
			name = Release;
		};
		FFAB2B512D46E3AF00C25F78 /* Debug */ = {
			isa = XCBuildConfiguration;
			buildSettings = {
				CODE_SIGN_STYLE = Automatic;
				CURRENT_PROJECT_VERSION = 1;
				GENERATE_INFOPLIST_FILE = YES;
				MARKETING_VERSION = 1.0;
				PRODUCT_BUNDLE_IDENTIFIER = sk.smartly.miniSDKFrameworkTests;
				PRODUCT_NAME = "$(TARGET_NAME)";
				SWIFT_EMIT_LOC_STRINGS = NO;
				SWIFT_VERSION = 5.0;
				TARGETED_DEVICE_FAMILY = "1,2";
				TEST_HOST = "$(BUILT_PRODUCTS_DIR)/miniSDK.app/$(BUNDLE_EXECUTABLE_FOLDER_PATH)/miniSDK";
			};
			name = Debug;
		};
		FFAB2B522D46E3AF00C25F78 /* Release */ = {
			isa = XCBuildConfiguration;
			buildSettings = {
				CODE_SIGN_STYLE = Automatic;
				CURRENT_PROJECT_VERSION = 1;
				GENERATE_INFOPLIST_FILE = YES;
				MARKETING_VERSION = 1.0;
				PRODUCT_BUNDLE_IDENTIFIER = sk.smartly.miniSDKFrameworkTests;
				PRODUCT_NAME = "$(TARGET_NAME)";
				SWIFT_EMIT_LOC_STRINGS = NO;
				SWIFT_VERSION = 5.0;
				TARGETED_DEVICE_FAMILY = "1,2";
				TEST_HOST = "$(BUILT_PRODUCTS_DIR)/miniSDK.app/$(BUNDLE_EXECUTABLE_FOLDER_PATH)/miniSDK";
			};
			name = Release;
		};
/* End XCBuildConfiguration section */

/* Begin XCConfigurationList section */
		FF503C222D43AFB5007D15C6 /* Build configuration list for PBXProject "miniSDK" */ = {
			isa = XCConfigurationList;
			buildConfigurations = (
				FF503C492D43AFB6007D15C6 /* Debug */,
				FF503C4A2D43AFB6007D15C6 /* Release */,
			);
			defaultConfigurationIsVisible = 0;
			defaultConfigurationName = Release;
		};
		FF503C4B2D43AFB6007D15C6 /* Build configuration list for PBXNativeTarget "miniSDK" */ = {
			isa = XCConfigurationList;
			buildConfigurations = (
				FF503C4C2D43AFB6007D15C6 /* Debug */,
				FF503C4D2D43AFB6007D15C6 /* Release */,
			);
			defaultConfigurationIsVisible = 0;
			defaultConfigurationName = Release;
		};
		FF503C4E2D43AFB6007D15C6 /* Build configuration list for PBXNativeTarget "miniSDKTests" */ = {
			isa = XCConfigurationList;
			buildConfigurations = (
				FF503C4F2D43AFB6007D15C6 /* Debug */,
				FF503C502D43AFB6007D15C6 /* Release */,
			);
			defaultConfigurationIsVisible = 0;
			defaultConfigurationName = Release;
		};
		FF503C512D43AFB6007D15C6 /* Build configuration list for PBXNativeTarget "miniSDKUITests" */ = {
			isa = XCConfigurationList;
			buildConfigurations = (
				FF503C522D43AFB6007D15C6 /* Debug */,
				FF503C532D43AFB6007D15C6 /* Release */,
			);
			defaultConfigurationIsVisible = 0;
			defaultConfigurationName = Release;
		};
		FFAB2B542D46E3AF00C25F78 /* Build configuration list for PBXNativeTarget "miniSDKFramework" */ = {
			isa = XCConfigurationList;
			buildConfigurations = (
				FFAB2B4F2D46E3AF00C25F78 /* Debug */,
				FFAB2B502D46E3AF00C25F78 /* Release */,
			);
			defaultConfigurationIsVisible = 0;
			defaultConfigurationName = Release;
		};
		FFAB2B552D46E3AF00C25F78 /* Build configuration list for PBXNativeTarget "miniSDKFrameworkTests" */ = {
			isa = XCConfigurationList;
			buildConfigurations = (
				FFAB2B512D46E3AF00C25F78 /* Debug */,
				FFAB2B522D46E3AF00C25F78 /* Release */,
			);
			defaultConfigurationIsVisible = 0;
			defaultConfigurationName = Release;
		};
/* End XCConfigurationList section */
	};
	rootObject = FF503C1F2D43AFB5007D15C6 /* Project object */;
}
